
Microsoft Visual Studio Solution File, Format Version 12.00
# Visual Studio Version 17
VisualStudioVersion = 17.9.34607.119
MinimumVisualStudioVersion = 10.0.40219.1
Project("{FAE04EC0-301F-11D3-BF4B-00C04F79EFBC}") = "CrudGopi", "CrudGopi\CrudGopi.csproj", "{8C516722-AA0F-4E6C-A109-0B7BA14757C1}"
EndProject
Global
	GlobalSection(SolutionConfigurationPlatforms) = preSolution
		Debug|Any CPU = Debug|Any CPU
		Release|Any CPU = Release|Any CPU
	EndGlobalSection
	GlobalSection(ProjectConfigurationPlatforms) = postSolution
		{8C516722-AA0F-4E6C-A109-0B7BA14757C1}.Debug|Any CPU.ActiveCfg = Debug|Any CPU
		{8C516722-AA0F-4E6C-A109-0B7BA14757C1}.Debug|Any CPU.Build.0 = Debug|Any CPU
		{8C516722-AA0F-4E6C-A109-0B7BA14757C1}.Release|Any CPU.ActiveCfg = Release|Any CPU
		{8C516722-AA0F-4E6C-A109-0B7BA14757C1}.Release|Any CPU.Build.0 = Release|Any CPU
	EndGlobalSection
	GlobalSection(SolutionProperties) = preSolution
		HideSolutionNode = FALSE
	EndGlobalSection
	GlobalSection(ExtensibilityGlobals) = postSolution
		SolutionGuid = {2B298A45-C797-4A61-8A3A-97B9D60DDB98}
	EndGlobalSection
EndGlobal
