
Microsoft Visual Studio Solution File, Format Version 12.00
# Visual Studio Version 17
VisualStudioVersion = 17.8.34511.84
MinimumVisualStudioVersion = 10.0.40219.1
Project("{FAE04EC0-301F-11D3-BF4B-00C04F79EFBC}") = "EmployeesManagement", "EmployeesManagement\EmployeesManagement.csproj", "{72F3DFD1-928E-4665-A996-12BB3DF9B28E}"
EndProject
Global
	GlobalSection(SolutionConfigurationPlatforms) = preSolution
		Debug|Any CPU = Debug|Any CPU
		Release|Any CPU = Release|Any CPU
	EndGlobalSection
	GlobalSection(ProjectConfigurationPlatforms) = postSolution
		{72F3DFD1-928E-4665-A996-12BB3DF9B28E}.Debug|Any CPU.ActiveCfg = Debug|Any CPU
		{72F3DFD1-928E-4665-A996-12BB3DF9B28E}.Debug|Any CPU.Build.0 = Debug|Any CPU
		{72F3DFD1-928E-4665-A996-12BB3DF9B28E}.Release|Any CPU.ActiveCfg = Release|Any CPU
		{72F3DFD1-928E-4665-A996-12BB3DF9B28E}.Release|Any CPU.Build.0 = Release|Any CPU
	EndGlobalSection
	GlobalSection(SolutionProperties) = preSolution
		HideSolutionNode = FALSE
	EndGlobalSection
	GlobalSection(ExtensibilityGlobals) = postSolution
		SolutionGuid = {34DAE040-F6AB-4452-9EA8-BF6CB73FC63B}
	EndGlobalSection
EndGlobal
